
Microsoft Visual Studio Solution File, Format Version 12.00
# Visual Studio 15
VisualStudioVersion = 15.0.27703.2047
MinimumVisualStudioVersion = 10.0.40219.1
Project("{FAE04EC0-301F-11D3-BF4B-00C04F79EFBC}") = "IHostedServiceAsAService", "IHostedServiceAsAService\IHostedServiceAsAService.csproj", "{460BDF44-2D05-411E-B321-D891480B2812}"
EndProject
Global
	GlobalSection(SolutionConfigurationPlatforms) = preSolution
		Debug|Any CPU = Debug|Any CPU
		Release|Any CPU = Release|Any CPU
	EndGlobalSection
	GlobalSection(ProjectConfigurationPlatforms) = postSolution
		{460BDF44-2D05-411E-B321-D891480B2812}.Debug|Any CPU.ActiveCfg = Debug|Any CPU
		{460BDF44-2D05-411E-B321-D891480B2812}.Debug|Any CPU.Build.0 = Debug|Any CPU
		{460BDF44-2D05-411E-B321-D891480B2812}.Release|Any CPU.ActiveCfg = Release|Any CPU
		{460BDF44-2D05-411E-B321-D891480B2812}.Release|Any CPU.Build.0 = Release|Any CPU
	EndGlobalSection
	GlobalSection(SolutionProperties) = preSolution
		HideSolutionNode = FALSE
	EndGlobalSection
	GlobalSection(ExtensibilityGlobals) = postSolution
		SolutionGuid = {F3F32A4A-01A7-40F1-B847-6671F403B576}
	EndGlobalSection
EndGlobal
